github.com/gorilla/websocket v1.4.2 h1:+/TMaTYc4QFitKJxsQ7Yye35DkWvkdLcvGKqM+x0Ufc=
github.com/gorilla/websocket v1.4.2/go.mod h1:YR8l580nyteQvAITg2hZ9XVh4b55+EU/adAjf1fMHhE=
github.com/ringcentral/ringcentral-go v0.8.0 h1:z/595K14KpM6hDt5VnFDzdIO6lpgLXivN8R7nYeXnvc=
github.com/ringcentral/ringcentral-go v0.8.0/go.mod h1:vqC8XImjaXva337Lxd3QDzIVdMXhYAvrbT4ABZ3Pl/I=
